// !$*UTF8*$!
{
	archiveVersion = 1;
	classes = {
	};
	objectVersion = 46;
	objects = {

/* Begin PBXBuildFile section */
		10C6A7E91933E773005CE1C7 /* Foundation.framework in Frameworks */ = {isa = PBXBuildFile; fileRef = 10C6A7E81933E773005CE1C7 /* Foundation.framework */; };
		10C6A7EB1933E773005CE1C7 /* CoreGraphics.framework in Frameworks */ = {isa = PBXBuildFile; fileRef = 10C6A7EA1933E773005CE1C7 /* CoreGraphics.framework */; };
		10C6A7ED1933E773005CE1C7 /* UIKit.framework in Frameworks */ = {isa = PBXBuildFile; fileRef = 10C6A7EC1933E773005CE1C7 /* UIKit.framework */; };
		10C6A7F31933E773005CE1C7 /* InfoPlist.strings in Resources */ = {isa = PBXBuildFile; fileRef = 10C6A7F11933E773005CE1C7 /* InfoPlist.strings */; };
		10C6A7F51933E773005CE1C7 /* main.m in Sources */ = {isa = PBXBuildFile; fileRef = 10C6A7F41933E773005CE1C7 /* main.m */; };
		10C6A7F91933E773005CE1C7 /* SPAppDelegate.m in Sources */ = {isa = PBXBuildFile; fileRef = 10C6A7F81933E773005CE1C7 /* SPAppDelegate.m */; };
		10C6A7FC1933E773005CE1C7 /* Main.storyboard in Resources */ = {isa = PBXBuildFile; fileRef = 10C6A7FA1933E773005CE1C7 /* Main.storyboard */; };
		10C6A7FF1933E773005CE1C7 /* SPViewController.m in Sources */ = {isa = PBXBuildFile; fileRef = 10C6A7FE1933E773005CE1C7 /* SPViewController.m */; };
		10C6A8011933E773005CE1C7 /* Images.xcassets in Resources */ = {isa = PBXBuildFile; fileRef = 10C6A8001933E773005CE1C7 /* Images.xcassets */; };
		10C6A8081933E773005CE1C7 /* XCTest.framework in Frameworks */ = {isa = PBXBuildFile; fileRef = 10C6A8071933E773005CE1C7 /* XCTest.framework */; };
		10C6A8091933E773005CE1C7 /* Foundation.framework in Frameworks */ = {isa = PBXBuildFile; fileRef = 10C6A7E81933E773005CE1C7 /* Foundation.framework */; };
		10C6A80A1933E773005CE1C7 /* UIKit.framework in Frameworks */ = {isa = PBXBuildFile; fileRef = 10C6A7EC1933E773005CE1C7 /* UIKit.framework */; };
		10C6A8121933E773005CE1C7 /* InfoPlist.strings in Resources */ = {isa = PBXBuildFile; fileRef = 10C6A8101933E773005CE1C7 /* InfoPlist.strings */; };
		10C6A8141933E773005CE1C7 /* AgeOfLaikaTests.m in Sources */ = {isa = PBXBuildFile; fileRef = 10C6A8131933E773005CE1C7 /* AgeOfLaikaTests.m */; };
		10C6A81E1933E7AB005CE1C7 /* laika-space-dog.jpg in Resources */ = {isa = PBXBuildFile; fileRef = 10C6A81D1933E7AB005CE1C7 /* laika-space-dog.jpg */; };
/* End PBXBuildFile section */

/* Begin PBXContainerItemProxy section */
		10C6A80B1933E773005CE1C7 /* PBXContainerItemProxy */ = {
			isa = PBXContainerItemProxy;
			containerPortal = 10C6A7DD1933E772005CE1C7 /* Project object */;
			proxyType = 1;
			remoteGlobalIDString = 10C6A7E41933E773005CE1C7;
			remoteInfo = AgeOfLaika;
		};
/* End PBXContainerItemProxy section */

/* Begin PBXFileReference section */
		10C6A7E51933E773005CE1C7 /* AgeOfLaika.app */ = {isa = PBXFileReference; explicitFileType = wrapper.application; includeInIndex = 0; path = AgeOfLaika.app; sourceTree = BUILT_PRODUCTS_DIR; };
		10C6A7E81933E773005CE1C7 /* Foundation.framework */ = {isa = PBXFileReference; lastKnownFileType = wrapper.framework; name = Foundation.framework; path = System/Library/Frameworks/Foundation.framework; sourceTree = SDKROOT; };
		10C6A7EA1933E773005CE1C7 /* CoreGraphics.framework */ = {isa = PBXFileReference; lastKnownFileType = wrapper.framework; name = CoreGraphics.framework; path = System/Library/Frameworks/CoreGraphics.framework; sourceTree = SDKROOT; };
		10C6A7EC1933E773005CE1C7 /* UIKit.framework */ = {isa = PBXFileReference; lastKnownFileType = wrapper.framework; name = UIKit.framework; path = System/Library/Frameworks/UIKit.framework; sourceTree = SDKROOT; };
		10C6A7F01933E773005CE1C7 /* AgeOfLaika-Info.plist */ = {isa = PBXFileReference; lastKnownFileType = text.plist.xml; path = "AgeOfLaika-Info.plist"; sourceTree = "<group>"; };
		10C6A7F21933E773005CE1C7 /* en */ = {isa = PBXFileReference; lastKnownFileType = text.plist.strings; name = en; path = en.lproj/InfoPlist.strings; sourceTree = "<group>"; };
		10C6A7F41933E773005CE1C7 /* main.m */ = {isa = PBXFileReference; lastKnownFileType = sourcecode.c.objc; path = main.m; sourceTree = "<group>"; };
		10C6A7F61933E773005CE1C7 /* AgeOfLaika-Prefix.pch */ = {isa = PBXFileReference; lastKnownFileType = sourcecode.c.h; path = "AgeOfLaika-Prefix.pch"; sourceTree = "<group>"; };
		10C6A7F71933E773005CE1C7 /* SPAppDelegate.h */ = {isa = PBXFileReference; lastKnownFileType = sourcecode.c.h; path = SPAppDelegate.h; sourceTree = "<group>"; };
		10C6A7F81933E773005CE1C7 /* SPAppDelegate.m */ = {isa = PBXFileReference; lastKnownFileType = sourcecode.c.objc; path = SPAppDelegate.m; sourceTree = "<group>"; };
		10C6A7FB1933E773005CE1C7 /* Base */ = {isa = PBXFileReference; lastKnownFileType = file.storyboard; name = Base; path = Base.lproj/Main.storyboard; sourceTree = "<group>"; };
		10C6A7FD1933E773005CE1C7 /* SPViewController.h */ = {isa = PBXFileReference; lastKnownFileType = sourcecode.c.h; path = SPViewController.h; sourceTree = "<group>"; };
		10C6A7FE1933E773005CE1C7 /* SPViewController.m */ = {isa = PBXFileReference; lastKnownFileType = sourcecode.c.objc; path = SPViewController.m; sourceTree = "<group>"; };
		10C6A8001933E773005CE1C7 /* Images.xcassets */ = {isa = PBXFileReference; lastKnownFileType = folder.assetcatalog; path = Images.xcassets; sourceTree = "<group>"; };
		10C6A8061933E773005CE1C7 /* AgeOfLaikaTests.xctest */ = {isa = PBXFileReference; explicitFileType = wrapper.cfbundle; includeInIndex = 0; path = AgeOfLaikaTests.xctest; sourceTree = BUILT_PRODUCTS_DIR; };
		10C6A8071933E773005CE1C7 /* XCTest.framework */ = {isa = PBXFileReference; lastKnownFileType = wrapper.framework; name = XCTest.framework; path = Library/Frameworks/XCTest.framework; sourceTree = DEVELOPER_DIR; };
		10C6A80F1933E773005CE1C7 /* AgeOfLaikaTests-Info.plist */ = {isa = PBXFileReference; lastKnownFileType = text.plist.xml; path = "AgeOfLaikaTests-Info.plist"; sourceTree = "<group>"; };
		10C6A8111933E773005CE1C7 /* en */ = {isa = PBXFileReference; lastKnownFileType = text.plist.strings; name = en; path = en.lproj/InfoPlist.strings; sourceTree = "<group>"; };
		10C6A8131933E773005CE1C7 /* AgeOfLaikaTests.m */ = {isa = PBXFileReference; lastKnownFileType = sourcecode.c.objc; path = AgeOfLaikaTests.m; sourceTree = "<group>"; };
		10C6A81D1933E7AB005CE1C7 /* laika-space-dog.jpg */ = {isa = PBXFileReference; lastKnownFileType = image.jpeg; path = "laika-space-dog.jpg"; sourceTree = "<group>"; };
/* End PBXFileReference section */

/* Begin PBXFrameworksBuildPhase section */
		10C6A7E21933E773005CE1C7 /* Frameworks */ = {
			isa = PBXFrameworksBuildPhase;
			buildActionMask = 2147483647;
			files = (
				10C6A7EB1933E773005CE1C7 /* CoreGraphics.framework in Frameworks */,
				10C6A7ED1933E773005CE1C7 /* UIKit.framework in Frameworks */,
				10C6A7E91933E773005CE1C7 /* Foundation.framework in Frameworks */,
			);
			runOnlyForDeploymentPostprocessing = 0;
		};
		10C6A8031933E773005CE1C7 /* Frameworks */ = {
			isa = PBXFrameworksBuildPhase;
			buildActionMask = 2147483647;
			files = (
				10C6A8081933E773005CE1C7 /* XCTest.framework in Frameworks */,
				10C6A80A1933E773005CE1C7 /* UIKit.framework in Frameworks */,
				10C6A8091933E773005CE1C7 /* Foundation.framework in Frameworks */,
			);
			runOnlyForDeploymentPostprocessing = 0;
		};
/* End PBXFrameworksBuildPhase section */

/* Begin PBXGroup section */
		10C6A7DC1933E772005CE1C7 = {
			isa = PBXGroup;
			children = (
				10C6A7EE1933E773005CE1C7 /* AgeOfLaika */,
				10C6A80D1933E773005CE1C7 /* AgeOfLaikaTests */,
				10C6A7E71933E773005CE1C7 /* Frameworks */,
				10C6A7E61933E773005CE1C7 /* Products */,
			);
			sourceTree = "<group>";
		};
		10C6A7E61933E773005CE1C7 /* Products */ = {
			isa = PBXGroup;
			children = (
				10C6A7E51933E773005CE1C7 /* AgeOfLaika.app */,
				10C6A8061933E773005CE1C7 /* AgeOfLaikaTests.xctest */,
			);
			name = Products;
			sourceTree = "<group>";
		};
		10C6A7E71933E773005CE1C7 /* Frameworks */ = {
			isa = PBXGroup;
			children = (
				10C6A7E81933E773005CE1C7 /* Foundation.framework */,
				10C6A7EA1933E773005CE1C7 /* CoreGraphics.framework */,
				10C6A7EC1933E773005CE1C7 /* UIKit.framework */,
				10C6A8071933E773005CE1C7 /* XCTest.framework */,
			);
			name = Frameworks;
			sourceTree = "<group>";
		};
		10C6A7EE1933E773005CE1C7 /* AgeOfLaika */ = {
			isa = PBXGroup;
			children = (
				10C6A7F71933E773005CE1C7 /* SPAppDelegate.h */,
				10C6A7F81933E773005CE1C7 /* SPAppDelegate.m */,
				10C6A7FA1933E773005CE1C7 /* Main.storyboard */,
				10C6A7FD1933E773005CE1C7 /* SPViewController.h */,
				10C6A7FE1933E773005CE1C7 /* SPViewController.m */,
				10C6A8001933E773005CE1C7 /* Images.xcassets */,
				10C6A7EF1933E773005CE1C7 /* Supporting Files */,
			);
			path = AgeOfLaika;
			sourceTree = "<group>";
		};
		10C6A7EF1933E773005CE1C7 /* Supporting Files */ = {
			isa = PBXGroup;
			children = (
				10C6A81D1933E7AB005CE1C7 /* laika-space-dog.jpg */,
				10C6A7F01933E773005CE1C7 /* AgeOfLaika-Info.plist */,
				10C6A7F11933E773005CE1C7 /* InfoPlist.strings */,
				10C6A7F41933E773005CE1C7 /* main.m */,
				10C6A7F61933E773005CE1C7 /* AgeOfLaika-Prefix.pch */,
			);
			name = "Supporting Files";
			sourceTree = "<group>";
		};
		10C6A80D1933E773005CE1C7 /* AgeOfLaikaTests */ = {
			isa = PBXGroup;
			children = (
				10C6A8131933E773005CE1C7 /* AgeOfLaikaTests.m */,
				10C6A80E1933E773005CE1C7 /* Supporting Files */,
			);
			path = AgeOfLaikaTests;
			sourceTree = "<group>";
		};
		10C6A80E1933E773005CE1C7 /* Supporting Files */ = {
			isa = PBXGroup;
			children = (
				10C6A80F1933E773005CE1C7 /* AgeOfLaikaTests-Info.plist */,
				10C6A8101933E773005CE1C7 /* InfoPlist.strings */,
			);
			name = "Supporting Files";
			sourceTree = "<group>";
		};
/* End PBXGroup section */

/* Begin PBXNativeTarget section */
		10C6A7E41933E773005CE1C7 /* AgeOfLaika */ = {
			isa = PBXNativeTarget;
			buildConfigurationList = 10C6A8171933E773005CE1C7 /* Build configuration list for PBXNativeTarget "AgeOfLaika" */;
			buildPhases = (
				10C6A7E11933E773005CE1C7 /* Sources */,
				10C6A7E21933E773005CE1C7 /* Frameworks */,
				10C6A7E31933E773005CE1C7 /* Resources */,
			);
			buildRules = (
			);
			dependencies = (
			);
			name = AgeOfLaika;
			productName = AgeOfLaika;
			productReference = 10C6A7E51933E773005CE1C7 /* AgeOfLaika.app */;
			productType = "com.apple.product-type.application";
		};
		10C6A8051933E773005CE1C7 /* AgeOfLaikaTests */ = {
			isa = PBXNativeTarget;
			buildConfigurationList = 10C6A81A1933E773005CE1C7 /* Build configuration list for PBXNativeTarget "AgeOfLaikaTests" */;
			buildPhases = (
				10C6A8021933E773005CE1C7 /* Sources */,
				10C6A8031933E773005CE1C7 /* Frameworks */,
				10C6A8041933E773005CE1C7 /* Resources */,
			);
			buildRules = (
			);
			dependencies = (
				10C6A80C1933E773005CE1C7 /* PBXTargetDependency */,
			);
			name = AgeOfLaikaTests;
			productName = AgeOfLaikaTests;
			productReference = 10C6A8061933E773005CE1C7 /* AgeOfLaikaTests.xctest */;
			productType = "com.apple.product-type.bundle.unit-test";
		};
/* End PBXNativeTarget section */

/* Begin PBXProject section */
		10C6A7DD1933E772005CE1C7 /* Project object */ = {
			isa = PBXProject;
			attributes = {
				CLASSPREFIX = SP;
				LastUpgradeCheck = 0500;
				ORGANIZATIONNAME = sunlee;
				TargetAttributes = {
					10C6A8051933E773005CE1C7 = {
						TestTargetID = 10C6A7E41933E773005CE1C7;
					};
				};
			};
			buildConfigurationList = 10C6A7E01933E772005CE1C7 /* Build configuration list for PBXProject "AgeOfLaika" */;
			compatibilityVersion = "Xcode 3.2";
			developmentRegion = English;
			hasScannedForEncodings = 0;
			knownRegions = (
				en,
				Base,
			);
			mainGroup = 10C6A7DC1933E772005CE1C7;
			productRefGroup = 10C6A7E61933E773005CE1C7 /* Products */;
			projectDirPath = "";
			projectRoot = "";
			targets = (
				10C6A7E41933E773005CE1C7 /* AgeOfLaika */,
				10C6A8051933E773005CE1C7 /* AgeOfLaikaTests */,
			);
		};
/* End PBXProject section */

/* Begin PBXResourcesBuildPhase section */
		10C6A7E31933E773005CE1C7 /* Resources */ = {
			isa = PBXResourcesBuildPhase;
			buildActionMask = 2147483647;
			files = (
				10C6A81E1933E7AB005CE1C7 /* laika-space-dog.jpg in Resources */,
				10C6A8011933E773005CE1C7 /* Images.xcassets in Resources */,
				10C6A7F31933E773005CE1C7 /* InfoPlist.strings in Resources */,
				10C6A7FC1933E773005CE1C7 /* Main.storyboard in Resources */,
			);
			runOnlyForDeploymentPostprocessing = 0;
		};
		10C6A8041933E773005CE1C7 /* Resources */ = {
			isa = PBXResourcesBuildPhase;
			buildActionMask = 2147483647;
			files = (
				10C6A8121933E773005CE1C7 /* InfoPlist.strings in Resources */,
			);
			runOnlyForDeploymentPostprocessing = 0;
		};
/* End PBXResourcesBuildPhase section */

/* Begin PBXSourcesBuildPhase section */
		10C6A7E11933E773005CE1C7 /* Sources */ = {
			isa = PBXSourcesBuildPhase;
			buildActionMask = 2147483647;
			files = (
				10C6A7F51933E773005CE1C7 /* main.m in Sources */,
				10C6A7FF1933E773005CE1C7 /* SPViewController.m in Sources */,
				10C6A7F91933E773005CE1C7 /* SPAppDelegate.m in Sources */,
			);
			runOnlyForDeploymentPostprocessing = 0;
		};
		10C6A8021933E773005CE1C7 /* Sources */ = {
			isa = PBXSourcesBuildPhase;
			buildActionMask = 2147483647;
			files = (
				10C6A8141933E773005CE1C7 /* AgeOfLaikaTests.m in Sources */,
			);
			runOnlyForDeploymentPostprocessing = 0;
		};
/* End PBXSourcesBuildPhase section */

/* Begin PBXTargetDependency section */
		10C6A80C1933E773005CE1C7 /* PBXTargetDependency */ = {
			isa = PBXTargetDependency;
			target = 10C6A7E41933E773005CE1C7 /* AgeOfLaika */;
			targetProxy = 10C6A80B1933E773005CE1C7 /* PBXContainerItemProxy */;
		};
/* End PBXTargetDependency section */

/* Begin PBXVariantGroup section */
		10C6A7F11933E773005CE1C7 /* InfoPlist.strings */ = {
			isa = PBXVariantGroup;
			children = (
				10C6A7F21933E773005CE1C7 /* en */,
			);
			name = InfoPlist.strings;
			sourceTree = "<group>";
		};
		10C6A7FA1933E773005CE1C7 /* Main.storyboard */ = {
			isa = PBXVariantGroup;
			children = (
				10C6A7FB1933E773005CE1C7 /* Base */,
			);
			name = Main.storyboard;
			sourceTree = "<group>";
		};
		10C6A8101933E773005CE1C7 /* InfoPlist.strings */ = {
			isa = PBXVariantGroup;
			children = (
				10C6A8111933E773005CE1C7 /* en */,
			);
			name = InfoPlist.strings;
			sourceTree = "<group>";
		};
/* End PBXVariantGroup section */

/* Begin XCBuildConfiguration section */
		10C6A8151933E773005CE1C7 /* Debug */ = {
			isa = XCBuildConfiguration;
			buildSettings = {
				ALWAYS_SEARCH_USER_PATHS = NO;
				ARCHS = "$(ARCHS_STANDARD_INCLUDING_64_BIT)";
				CLANG_CXX_LANGUAGE_STANDARD = "gnu++0x";
				CLANG_CXX_LIBRARY = "libc++";
				CLANG_ENABLE_MODULES = YES;
				CLANG_ENABLE_OBJC_ARC = YES;
				CLANG_WARN_BOOL_CONVERSION = YES;
				CLANG_WARN_CONSTANT_CONVERSION = YES;
				CLANG_WARN_DIRECT_OBJC_ISA_USAGE = YES_ERROR;
				CLANG_WARN_EMPTY_BODY = YES;
				CLANG_WARN_ENUM_CONVERSION = YES;
				CLANG_WARN_INT_CONVERSION = YES;
				CLANG_WARN_OBJC_ROOT_CLASS = YES_ERROR;
				CLANG_WARN__DUPLICATE_METHOD_MATCH = YES;
				"CODE_SIGN_IDENTITY[sdk=iphoneos*]" = "iPhone Developer";
				COPY_PHASE_STRIP = NO;
				GCC_C_LANGUAGE_STANDARD = gnu99;
				GCC_DYNAMIC_NO_PIC = NO;
				GCC_OPTIMIZATION_LEVEL = 0;
				GCC_PREPROCESSOR_DEFINITIONS = (
					"DEBUG=1",
					"$(inherited)",
				);
				GCC_SYMBOLS_PRIVATE_EXTERN = NO;
				GCC_WARN_64_TO_32_BIT_CONVERSION = YES;
				GCC_WARN_ABOUT_RETURN_TYPE = YES_ERROR;
				GCC_WARN_UNDECLARED_SELECTOR = YES;
				GCC_WARN_UNINITIALIZED_AUTOS = YES;
				GCC_WARN_UNUSED_FUNCTION = YES;
				GCC_WARN_UNUSED_VARIABLE = YES;
				IPHONEOS_DEPLOYMENT_TARGET = 7.0;
				ONLY_ACTIVE_ARCH = YES;
				SDKROOT = iphoneos;
			};
			name = Debug;
		};
		10C6A8161933E773005CE1C7 /* Release */ = {
			isa = XCBuildConfiguration;
			buildSettings = {
				ALWAYS_SEARCH_USER_PATHS = NO;
				ARCHS = "$(ARCHS_STANDARD_INCLUDING_64_BIT)";
				CLANG_CXX_LANGUAGE_STANDARD = "gnu++0x";
				CLANG_CXX_LIBRARY = "libc++";
				CLANG_ENABLE_MODULES = YES;
				CLANG_ENABLE_OBJC_ARC = YES;
				CLANG_WARN_BOOL_CONVERSION = YES;
				CLANG_WARN_CONSTANT_CONVERSION = YES;
				CLANG_WARN_DIRECT_OBJC_ISA_USAGE = YES_ERROR;
				CLANG_WARN_EMPTY_BODY = YES;
				CLANG_WARN_ENUM_CONVERSION = YES;
				CLANG_WARN_INT_CONVERSION = YES;
				CLANG_WARN_OBJC_ROOT_CLASS = YES_ERROR;
				CLANG_WARN__DUPLICATE_METHOD_MATCH = YES;
				"CODE_SIGN_IDENTITY[sdk=iphoneos*]" = "iPhone Developer";
				COPY_PHASE_STRIP = YES;
				ENABLE_NS_ASSERTIONS = NO;
				GCC_C_LANGUAGE_STANDARD = gnu99;
				GCC_WARN_64_TO_32_BIT_CONVERSION = YES;
				GCC_WARN_ABOUT_RETURN_TYPE = YES_ERROR;
				GCC_WARN_UNDECLARED_SELECTOR = YES;
				GCC_WARN_UNINITIALIZED_AUTOS = YES;
				GCC_WARN_UNUSED_FUNCTION = YES;
				GCC_WARN_UNUSED_VARIABLE = YES;
				IPHONEOS_DEPLOYMENT_TARGET = 7.0;
				SDKROOT = iphoneos;
				VALIDATE_PRODUCT = YES;
			};
			name = Release;
		};
		10C6A8181933E773005CE1C7 /* Debug */ = {
			isa = XCBuildConfiguration;
			buildSettings = {
				ASSETCATALOG_COMPILER_APPICON_NAME = AppIcon;
				ASSETCATALOG_COMPILER_LAUNCHIMAGE_NAME = LaunchImage;
				GCC_PRECOMPILE_PREFIX_HEADER = YES;
				GCC_PREFIX_HEADER = "AgeOfLaika/AgeOfLaika-Prefix.pch";
				INFOPLIST_FILE = "AgeOfLaika/AgeOfLaika-Info.plist";
				PRODUCT_NAME = "$(TARGET_NAME)";
				WRAPPER_EXTENSION = app;
			};
			name = Debug;
		};
		10C6A8191933E773005CE1C7 /* Release */ = {
			isa = XCBuildConfiguration;
			buildSettings = {
				ASSETCATALOG_COMPILER_APPICON_NAME = AppIcon;
				ASSETCATALOG_COMPILER_LAUNCHIMAGE_NAME = LaunchImage;
				GCC_PRECOMPILE_PREFIX_HEADER = YES;
				GCC_PREFIX_HEADER = "AgeOfLaika/AgeOfLaika-Prefix.pch";
				INFOPLIST_FILE = "AgeOfLaika/AgeOfLaika-Info.plist";
				PRODUCT_NAME = "$(TARGET_NAME)";
				WRAPPER_EXTENSION = app;
			};
			name = Release;
		};
		10C6A81B1933E773005CE1C7 /* Debug */ = {
			isa = XCBuildConfiguration;
			buildSettings = {
				ARCHS = "$(ARCHS_STANDARD_INCLUDING_64_BIT)";
				BUNDLE_LOADER = "$(BUILT_PRODUCTS_DIR)/AgeOfLaika.app/AgeOfLaika";
				FRAMEWORK_SEARCH_PATHS = (
					"$(SDKROOT)/Developer/Library/Frameworks",
					"$(inherited)",
					"$(DEVELOPER_FRAMEWORKS_DIR)",
				);
				GCC_PRECOMPILE_PREFIX_HEADER = YES;
				GCC_PREFIX_HEADER = "AgeOfLaika/AgeOfLaika-Prefix.pch";
				GCC_PREPROCESSOR_DEFINITIONS = (
					"DEBUG=1",
					"$(inherited)",
				);
				INFOPLIST_FILE = "AgeOfLaikaTests/AgeOfLaikaTests-Info.plist";
				PRODUCT_NAME = "$(TARGET_NAME)";
				TEST_HOST = "$(BUNDLE_LOADER)";
				WRAPPER_EXTENSION = xctest;
			};
			name = Debug;
		};
		10C6A81C1933E773005CE1C7 /* Release */ = {
			isa = XCBuildConfiguration;
			buildSettings = {
				ARCHS = "$(ARCHS_STANDARD_INCLUDING_64_BIT)";
				BUNDLE_LOADER = "$(BUILT_PRODUCTS_DIR)/AgeOfLaika.app/AgeOfLaika";
				FRAMEWORK_SEARCH_PATHS = (
					"$(SDKROOT)/Developer/Library/Frameworks",
					"$(inherited)",
					"$(DEVELOPER_FRAMEWORKS_DIR)",
				);
				GCC_PRECOMPILE_PREFIX_HEADER = YES;
				GCC_PREFIX_HEADER = "AgeOfLaika/AgeOfLaika-Prefix.pch";
				INFOPLIST_FILE = "AgeOfLaikaTests/AgeOfLaikaTests-Info.plist";
				PRODUCT_NAME = "$(TARGET_NAME)";
				TEST_HOST = "$(BUNDLE_LOADER)";
				WRAPPER_EXTENSION = xctest;
			};
			name = Release;
		};
/* End XCBuildConfiguration section */

/* Begin XCConfigurationList section */
		10C6A7E01933E772005CE1C7 /* Build configuration list for PBXProject "AgeOfLaika" */ = {
			isa = XCConfigurationList;
			buildConfigurations = (
				10C6A8151933E773005CE1C7 /* Debug */,
				10C6A8161933E773005CE1C7 /* Release */,
			);
			defaultConfigurationIsVisible = 0;
			defaultConfigurationName = Release;
		};
		10C6A8171933E773005CE1C7 /* Build configuration list for PBXNativeTarget "AgeOfLaika" */ = {
			isa = XCConfigurationList;
			buildConfigurations = (
				10C6A8181933E773005CE1C7 /* Debug */,
				10C6A8191933E773005CE1C7 /* Release */,
			);
			defaultConfigurationIsVisible = 0;
		};
		10C6A81A1933E773005CE1C7 /* Build configuration list for PBXNativeTarget "AgeOfLaikaTests" */ = {
			isa = XCConfigurationList;
			buildConfigurations = (
				10C6A81B1933E773005CE1C7 /* Debug */,
				10C6A81C1933E773005CE1C7 /* Release */,
			);
			defaultConfigurationIsVisible = 0;
		};
/* End XCConfigurationList section */
	};
	rootObject = 10C6A7DD1933E772005CE1C7 /* Project object */;
}
